PODS:
  - Alamofire (5.6.4)
  - CryptoSwift (1.4.0)
  - IngenicoConnectKit (5.11.0):
    - Alamofire (~> 5.4)
    - CryptoSwift (= 1.4.0)

DEPENDENCIES:
  - IngenicoConnectKit

SPEC REPOS:
  trunk:
    - Alamofire
    - CryptoSwift
    - IngenicoConnectKit

SPEC CHECKSUMS:
  Alamofire: 4e95d97098eacb88856099c4fc79b526a299e48c
  CryptoSwift: 7cc902df1784de3b389a387756c7d710f197730c
  IngenicoConnectKit: 653c477869262ec77674633519e177e037189d4c

PODFILE CHECKSUM: 461db9705e5a53f2b3fc9bb3a9d2426e486e0d59

COCOAPODS: 1.11.3
